
Microsoft Visual Studio Solution File, Format Version 12.00
# Visual Studio Version 17
VisualStudioVersion = 17.4.33205.214
MinimumVisualStudioVersion = 10.0.40219.1
Project("{FAE04EC0-301F-11D3-BF4B-00C04F79EFBC}") = "DotnetCore-TestApp-Public", "DotnetCore-TestApp-Public\DotnetCore-TestApp-Public.csproj", "{64F31F1F-2AF1-4D8B-816C-A668469A3E7D}"
EndProject
Global
	GlobalSection(SolutionConfigurationPlatforms) = preSolution
		Debug|Any CPU = Debug|Any CPU
		Release|Any CPU = Release|Any CPU
	EndGlobalSection
	GlobalSection(ProjectConfigurationPlatforms) = postSolution
		{64F31F1F-2AF1-4D8B-816C-A668469A3E7D}.Debug|Any CPU.ActiveCfg = Debug|Any CPU
		{64F31F1F-2AF1-4D8B-816C-A668469A3E7D}.Debug|Any CPU.Build.0 = Debug|Any CPU
		{64F31F1F-2AF1-4D8B-816C-A668469A3E7D}.Release|Any CPU.ActiveCfg = Release|Any CPU
		{64F31F1F-2AF1-4D8B-816C-A668469A3E7D}.Release|Any CPU.Build.0 = Release|Any CPU
	EndGlobalSection
	GlobalSection(SolutionProperties) = preSolution
		HideSolutionNode = FALSE
	EndGlobalSection
	GlobalSection(ExtensibilityGlobals) = postSolution
		SolutionGuid = {5BF2D4AC-7F29-4098-8BB2-488B6BF54865}
	EndGlobalSection
EndGlobal
